// !$*UTF8*$!
{
	archiveVersion = 1;
	classes = {
	};
	objectVersion = 56;
	objects = {

/* Begin PBXBuildFile section */
		0307AB422B093F4900411F65 /* CharactersViewModel.swift in Sources */ = {isa = PBXBuildFile; fileRef = 0307AB412B093F4900411F65 /* CharactersViewModel.swift */; };
		0307AB442B093FB200411F65 /* ProfileViewModel.swift in Sources */ = {isa = PBXBuildFile; fileRef = 0307AB432B093FB200411F65 /* ProfileViewModel.swift */; };
		0341E3822AFA44A400C80DA0 /* NetworkService.swift in Sources */ = {isa = PBXBuildFile; fileRef = 0341E3812AFA44A400C80DA0 /* NetworkService.swift */; };
		034CEC3F2AD329AC00EB2946 /* Kingfisher in Frameworks */ = {isa = PBXBuildFile; productRef = 034CEC3E2AD329AC00EB2946 /* Kingfisher */; };
		036D2C3E2B207CDD0029A8A8 /* MainScreen.storyboard in Resources */ = {isa = PBXBuildFile; fileRef = 036D2C3D2B207CDD0029A8A8 /* MainScreen.storyboard */; };
		036D2C402B207D120029A8A8 /* DetailScreen.storyboard in Resources */ = {isa = PBXBuildFile; fileRef = 036D2C3F2B207D120029A8A8 /* DetailScreen.storyboard */; };
		036D2C452B2096B60029A8A8 /* CharacterCell.swift in Sources */ = {isa = PBXBuildFile; fileRef = 036D2C432B2096B60029A8A8 /* CharacterCell.swift */; };
		036D2C462B2096B60029A8A8 /* CharacterCell.xib in Resources */ = {isa = PBXBuildFile; fileRef = 036D2C442B2096B60029A8A8 /* CharacterCell.xib */; };
		036D2C4B2B20978D0029A8A8 /* ProfileCell.swift in Sources */ = {isa = PBXBuildFile; fileRef = 036D2C492B20978D0029A8A8 /* ProfileCell.swift */; };
		036D2C4C2B20978D0029A8A8 /* ProfileCell.xib in Resources */ = {isa = PBXBuildFile; fileRef = 036D2C4A2B20978D0029A8A8 /* ProfileCell.xib */; };
		03792C8B2B0CB6C7009A968B /* CombineMoya in Frameworks */ = {isa = PBXBuildFile; productRef = 03792C8A2B0CB6C7009A968B /* CombineMoya */; };
		03792C8D2B0CB6C7009A968B /* Moya in Frameworks */ = {isa = PBXBuildFile; productRef = 03792C8C2B0CB6C7009A968B /* Moya */; };
		03792C8F2B0CB6C7009A968B /* ReactiveMoya in Frameworks */ = {isa = PBXBuildFile; productRef = 03792C8E2B0CB6C7009A968B /* ReactiveMoya */; };
		03792C912B0CB6C7009A968B /* RxMoya in Frameworks */ = {isa = PBXBuildFile; productRef = 03792C902B0CB6C7009A968B /* RxMoya */; };
		03792C942B0CB701009A968B /* SnapKit in Frameworks */ = {isa = PBXBuildFile; productRef = 03792C932B0CB701009A968B /* SnapKit */; };
		03792C962B0CB701009A968B /* SnapKit-Dynamic in Frameworks */ = {isa = PBXBuildFile; productRef = 03792C952B0CB701009A968B /* SnapKit-Dynamic */; };
		037D16362A94164C000F4AB8 /* CharactersModel.swift in Sources */ = {isa = PBXBuildFile; fileRef = 037D16352A94164C000F4AB8 /* CharactersModel.swift */; };
		037D163A2A94190F000F4AB8 /* EpisodesModel.swift in Sources */ = {isa = PBXBuildFile; fileRef = 037D16392A94190F000F4AB8 /* EpisodesModel.swift */; };
		037D16462A955CCA000F4AB8 /* String+Extension.swift in Sources */ = {isa = PBXBuildFile; fileRef = 037D16452A955CCA000F4AB8 /* String+Extension.swift */; };
		03F9C0A22A928B92001C28BD /* AppDelegate.swift in Sources */ = {isa = PBXBuildFile; fileRef = 03F9C0A12A928B92001C28BD /* AppDelegate.swift */; };
		03F9C0A42A928B92001C28BD /* SceneDelegate.swift in Sources */ = {isa = PBXBuildFile; fileRef = 03F9C0A32A928B92001C28BD /* SceneDelegate.swift */; };
		03F9C0A62A928B92001C28BD /* CharactersViewController.swift in Sources */ = {isa = PBXBuildFile; fileRef = 03F9C0A52A928B92001C28BD /* CharactersViewController.swift */; };
		03F9C0AB2A928B93001C28BD /* Assets.xcassets in Resources */ = {isa = PBXBuildFile; fileRef = 03F9C0AA2A928B93001C28BD /* Assets.xcassets */; };
		03F9C0AE2A928B93001C28BD /* LaunchScreen.storyboard in Resources */ = {isa = PBXBuildFile; fileRef = 03F9C0AC2A928B93001C28BD /* LaunchScreen.storyboard */; };
		03F9C0BF2A92C389001C28BD /* Constants.swift in Sources */ = {isa = PBXBuildFile; fileRef = 03F9C0BE2A92C389001C28BD /* Constants.swift */; };
		03F9C0CE2A938C31001C28BD /* Gilroy-Bold.ttf in Resources */ = {isa = PBXBuildFile; fileRef = 03F9C0CD2A938C26001C28BD /* Gilroy-Bold.ttf */; };
		03F9C0CF2A938C34001C28BD /* Gilroy-Medium.ttf in Resources */ = {isa = PBXBuildFile; fileRef = 03F9C0CC2A938C26001C28BD /* Gilroy-Medium.ttf */; };
		03F9C0D02A938C36001C28BD /* Gilroy-SemiBold.ttf in Resources */ = {isa = PBXBuildFile; fileRef = 03F9C0CB2A938C26001C28BD /* Gilroy-SemiBold.ttf */; };
		03FEF00F2B12020100450F97 /* ProfileViewController.swift in Sources */ = {isa = PBXBuildFile; fileRef = 03FEF00E2B12020100450F97 /* ProfileViewController.swift */; };
		F7B132F5E648FF216D403C6A /* Pods_RickAndMorty.framework in Frameworks */ = {isa = PBXBuildFile; fileRef = 30284B4E5C0BEA47C01F2793 /* Pods_RickAndMorty.framework */; };
/* End PBXBuildFile section */

/* Begin PBXFileReference section */
		0307AB412B093F4900411F65 /* CharactersViewModel.swift */ = {isa = PBXFileReference; lastKnownFileType = sourcecode.swift; path = CharactersViewModel.swift; sourceTree = "<group>"; };
		0307AB432B093FB200411F65 /* ProfileViewModel.swift */ = {isa = PBXFileReference; lastKnownFileType = sourcecode.swift; path = ProfileViewModel.swift; sourceTree = "<group>"; };
		0341E3812AFA44A400C80DA0 /* NetworkService.swift */ = {isa = PBXFileReference; lastKnownFileType = sourcecode.swift; path = NetworkService.swift; sourceTree = "<group>"; };
		036D2C3D2B207CDD0029A8A8 /* MainScreen.storyboard */ = {isa = PBXFileReference; lastKnownFileType = file.storyboard; path = MainScreen.storyboard; sourceTree = "<group>"; };
		036D2C3F2B207D120029A8A8 /* DetailScreen.storyboard */ = {isa = PBXFileReference; lastKnownFileType = file.storyboard; path = DetailScreen.storyboard; sourceTree = "<group>"; };
		036D2C432B2096B60029A8A8 /* CharacterCell.swift */ = {isa = PBXFileReference; lastKnownFileType = sourcecode.swift; path = CharacterCell.swift; sourceTree = "<group>"; };
		036D2C442B2096B60029A8A8 /* CharacterCell.xib */ = {isa = PBXFileReference; lastKnownFileType = file.xib; path = CharacterCell.xib; sourceTree = "<group>"; };
		036D2C492B20978D0029A8A8 /* ProfileCell.swift */ = {isa = PBXFileReference; lastKnownFileType = sourcecode.swift; path = ProfileCell.swift; sourceTree = "<group>"; };
		036D2C4A2B20978D0029A8A8 /* ProfileCell.xib */ = {isa = PBXFileReference; lastKnownFileType = file.xib; path = ProfileCell.xib; sourceTree = "<group>"; };
		037D16352A94164C000F4AB8 /* CharactersModel.swift */ = {isa = PBXFileReference; lastKnownFileType = sourcecode.swift; path = CharactersModel.swift; sourceTree = "<group>"; };
		037D16392A94190F000F4AB8 /* EpisodesModel.swift */ = {isa = PBXFileReference; lastKnownFileType = sourcecode.swift; path = EpisodesModel.swift; sourceTree = "<group>"; };
		037D16452A955CCA000F4AB8 /* String+Extension.swift */ = {isa = PBXFileReference; lastKnownFileType = sourcecode.swift; path = "String+Extension.swift"; sourceTree = "<group>"; };
		03F9C09E2A928B92001C28BD /* RickAndMorty.app */ = {isa = PBXFileReference; explicitFileType = wrapper.application; includeInIndex = 0; path = RickAndMorty.app; sourceTree = BUILT_PRODUCTS_DIR; };
		03F9C0A12A928B92001C28BD /* AppDelegate.swift */ = {isa = PBXFileReference; lastKnownFileType = sourcecode.swift; path = AppDelegate.swift; sourceTree = "<group>"; };
		03F9C0A32A928B92001C28BD /* SceneDelegate.swift */ = {isa = PBXFileReference; lastKnownFileType = sourcecode.swift; path = SceneDelegate.swift; sourceTree = "<group>"; };
		03F9C0A52A928B92001C28BD /* CharactersViewController.swift */ = {isa = PBXFileReference; lastKnownFileType = sourcecode.swift; path = CharactersViewController.swift; sourceTree = "<group>"; };
		03F9C0AA2A928B93001C28BD /* Assets.xcassets */ = {isa = PBXFileReference; lastKnownFileType = folder.assetcatalog; path = Assets.xcassets; sourceTree = "<group>"; };
		03F9C0AD2A928B93001C28BD /* Base */ = {isa = PBXFileReference; lastKnownFileType = file.storyboard; name = Base; path = Base.lproj/LaunchScreen.storyboard; sourceTree = "<group>"; };
		03F9C0AF2A928B93001C28BD /* Info.plist */ = {isa = PBXFileReference; lastKnownFileType = text.plist.xml; path = Info.plist; sourceTree = "<group>"; };
		03F9C0BE2A92C389001C28BD /* Constants.swift */ = {isa = PBXFileReference; lastKnownFileType = sourcecode.swift; path = Constants.swift; sourceTree = "<group>"; };
		03F9C0CB2A938C26001C28BD /* Gilroy-SemiBold.ttf */ = {isa = PBXFileReference; lastKnownFileType = file; path = "Gilroy-SemiBold.ttf"; sourceTree = "<group>"; };
		03F9C0CC2A938C26001C28BD /* Gilroy-Medium.ttf */ = {isa = PBXFileReference; lastKnownFileType = file; path = "Gilroy-Medium.ttf"; sourceTree = "<group>"; };
		03F9C0CD2A938C26001C28BD /* Gilroy-Bold.ttf */ = {isa = PBXFileReference; lastKnownFileType = file; path = "Gilroy-Bold.ttf"; sourceTree = "<group>"; };
		03FEF00E2B12020100450F97 /* ProfileViewController.swift */ = {isa = PBXFileReference; lastKnownFileType = sourcecode.swift; path = ProfileViewController.swift; sourceTree = "<group>"; };
		2BC96CDD11711ABAFEBBEE2B /* Pods-RickAndMorty.debug.xcconfig */ = {isa = PBXFileReference; includeInIndex = 1; lastKnownFileType = text.xcconfig; name = "Pods-RickAndMorty.debug.xcconfig"; path = "Target Support Files/Pods-RickAndMorty/Pods-RickAndMorty.debug.xcconfig"; sourceTree = "<group>"; };
		30284B4E5C0BEA47C01F2793 /* Pods_RickAndMorty.framework */ = {isa = PBXFileReference; explicitFileType = wrapper.framework; includeInIndex = 0; path = Pods_RickAndMorty.framework; sourceTree = BUILT_PRODUCTS_DIR; };
		9938460BED29EB95B0117BC6 /* Pods-RickAndMorty.release.xcconfig */ = {isa = PBXFileReference; includeInIndex = 1; lastKnownFileType = text.xcconfig; name = "Pods-RickAndMorty.release.xcconfig"; path = "Target Support Files/Pods-RickAndMorty/Pods-RickAndMorty.release.xcconfig"; sourceTree = "<group>"; };
/* End PBXFileReference section */

/* Begin PBXFrameworksBuildPhase section */
		03F9C09B2A928B92001C28BD /* Frameworks */ = {
			isa = PBXFrameworksBuildPhase;
			buildActionMask = 2147483647;
			files = (
				03792C912B0CB6C7009A968B /* RxMoya in Frameworks */,
				034CEC3F2AD329AC00EB2946 /* Kingfisher in Frameworks */,
				F7B132F5E648FF216D403C6A /* Pods_RickAndMorty.framework in Frameworks */,
				03792C962B0CB701009A968B /* SnapKit-Dynamic in Frameworks */,
				03792C942B0CB701009A968B /* SnapKit in Frameworks */,
				03792C8D2B0CB6C7009A968B /* Moya in Frameworks */,
				03792C8F2B0CB6C7009A968B /* ReactiveMoya in Frameworks */,
				03792C8B2B0CB6C7009A968B /* CombineMoya in Frameworks */,
			);
			runOnlyForDeploymentPostprocessing = 0;
		};
/* End PBXFrameworksBuildPhase section */

/* Begin PBXGroup section */
		0307AB452B093FB900411F65 /* Views */ = {
			isa = PBXGroup;
			children = (
				036D2C492B20978D0029A8A8 /* ProfileCell.swift */,
				036D2C4A2B20978D0029A8A8 /* ProfileCell.xib */,
			);
			name = Views;
			sourceTree = "<group>";
		};
		0341E3882AFB7B4E00C80DA0 /* Views */ = {
			isa = PBXGroup;
			children = (
				036D2C432B2096B60029A8A8 /* CharacterCell.swift */,
				036D2C442B2096B60029A8A8 /* CharacterCell.xib */,
			);
			path = Views;
			sourceTree = "<group>";
		};
		037D161D2A93C4C3000F4AB8 /* Extensions */ = {
			isa = PBXGroup;
			children = (
				037D16452A955CCA000F4AB8 /* String+Extension.swift */,
			);
			path = Extensions;
			sourceTree = "<group>";
		};
		037D16342A9415FA000F4AB8 /* Network */ = {
			isa = PBXGroup;
			children = (
				037D163D2A94D136000F4AB8 /* NetworkModels */,
				0341E3812AFA44A400C80DA0 /* NetworkService.swift */,
			);
			path = Network;
			sourceTree = "<group>";
		};
		037D163D2A94D136000F4AB8 /* NetworkModels */ = {
			isa = PBXGroup;
			children = (
				037D16352A94164C000F4AB8 /* CharactersModel.swift */,
				037D16392A94190F000F4AB8 /* EpisodesModel.swift */,
			);
			path = NetworkModels;
			sourceTree = "<group>";
		};
		03F9C0952A928B92001C28BD = {
			isa = PBXGroup;
			children = (
				03F9C0A02A928B92001C28BD /* RickAndMorty */,
				03F9C09F2A928B92001C28BD /* Products */,
				DEB023BAAD78DA13BC038A94 /* Pods */,
				6C3E46B6B841E509176341F4 /* Frameworks */,
			);
			sourceTree = "<group>";
		};
		03F9C09F2A928B92001C28BD /* Products */ = {
			isa = PBXGroup;
			children = (
				03F9C09E2A928B92001C28BD /* RickAndMorty.app */,
			);
			name = Products;
			sourceTree = "<group>";
		};
		03F9C0A02A928B92001C28BD /* RickAndMorty */ = {
			isa = PBXGroup;
			children = (
				03F9C0B52A928D34001C28BD /* AppResources */,
				037D16342A9415FA000F4AB8 /* Network */,
				03F9C0D12A939746001C28BD /* CharactersScreen */,
				03F9C0D22A939754001C28BD /* DetailScreen */,
				03F9C0BD2A92C309001C28BD /* Sourses */,
				037D161D2A93C4C3000F4AB8 /* Extensions */,
				03F9C0B62A928D42001C28BD /* Storyboards */,
				03F9C0AF2A928B93001C28BD /* Info.plist */,
			);
			path = RickAndMorty;
			sourceTree = "<group>";
		};
		03F9C0B52A928D34001C28BD /* AppResources */ = {
			isa = PBXGroup;
			children = (
				03F9C0A12A928B92001C28BD /* AppDelegate.swift */,
				03F9C0A32A928B92001C28BD /* SceneDelegate.swift */,
			);
			path = AppResources;
			sourceTree = "<group>";
		};
		03F9C0B62A928D42001C28BD /* Storyboards */ = {
			isa = PBXGroup;
			children = (
				036D2C3D2B207CDD0029A8A8 /* MainScreen.storyboard */,
				036D2C3F2B207D120029A8A8 /* DetailScreen.storyboard */,
				03F9C0AC2A928B93001C28BD /* LaunchScreen.storyboard */,
			);
			path = Storyboards;
			sourceTree = "<group>";
		};
		03F9C0BD2A92C309001C28BD /* Sourses */ = {
			isa = PBXGroup;
			children = (
				03F9C0AA2A928B93001C28BD /* Assets.xcassets */,
				03F9C0BE2A92C389001C28BD /* Constants.swift */,
				03F9C0CD2A938C26001C28BD /* Gilroy-Bold.ttf */,
				03F9C0CC2A938C26001C28BD /* Gilroy-Medium.ttf */,
				03F9C0CB2A938C26001C28BD /* Gilroy-SemiBold.ttf */,
			);
			path = Sourses;
			sourceTree = "<group>";
		};
		03F9C0D12A939746001C28BD /* CharactersScreen */ = {
			isa = PBXGroup;
			children = (
				0307AB412B093F4900411F65 /* CharactersViewModel.swift */,
				03F9C0A52A928B92001C28BD /* CharactersViewController.swift */,
				0341E3882AFB7B4E00C80DA0 /* Views */,
			);
			path = CharactersScreen;
			sourceTree = "<group>";
		};
		03F9C0D22A939754001C28BD /* DetailScreen */ = {
			isa = PBXGroup;
			children = (
				0307AB432B093FB200411F65 /* ProfileViewModel.swift */,
				03FEF00E2B12020100450F97 /* ProfileViewController.swift */,
				0307AB452B093FB900411F65 /* Views */,
			);
			path = DetailScreen;
			sourceTree = "<group>";
		};
		6C3E46B6B841E509176341F4 /* Frameworks */ = {
			isa = PBXGroup;
			children = (
				30284B4E5C0BEA47C01F2793 /* Pods_RickAndMorty.framework */,
			);
			name = Frameworks;
			sourceTree = "<group>";
		};
		DEB023BAAD78DA13BC038A94 /* Pods */ = {
			isa = PBXGroup;
			children = (
				2BC96CDD11711ABAFEBBEE2B /* Pods-RickAndMorty.debug.xcconfig */,
				9938460BED29EB95B0117BC6 /* Pods-RickAndMorty.release.xcconfig */,
			);
			path = Pods;
			sourceTree = "<group>";
		};
/* End PBXGroup section */

/* Begin PBXNativeTarget section */
		03F9C09D2A928B92001C28BD /* RickAndMorty */ = {
			isa = PBXNativeTarget;
			buildConfigurationList = 03F9C0B22A928B93001C28BD /* Build configuration list for PBXNativeTarget "RickAndMorty" */;
			buildPhases = (
				471DCEAFFBC95EC603592D55 /* [CP] Check Pods Manifest.lock */,
				03F9C09A2A928B92001C28BD /* Sources */,
				03F9C09B2A928B92001C28BD /* Frameworks */,
				03F9C09C2A928B92001C28BD /* Resources */,
			);
			buildRules = (
			);
			dependencies = (
			);
			name = RickAndMorty;
			packageProductDependencies = (
				034CEC3E2AD329AC00EB2946 /* Kingfisher */,
				03792C8A2B0CB6C7009A968B /* CombineMoya */,
				03792C8C2B0CB6C7009A968B /* Moya */,
				03792C8E2B0CB6C7009A968B /* ReactiveMoya */,
				03792C902B0CB6C7009A968B /* RxMoya */,
				03792C932B0CB701009A968B /* SnapKit */,
				03792C952B0CB701009A968B /* SnapKit-Dynamic */,
			);
			productName = RickAndMorty;
			productReference = 03F9C09E2A928B92001C28BD /* RickAndMorty.app */;
			productType = "com.apple.product-type.application";
		};
/* End PBXNativeTarget section */

/* Begin PBXProject section */
		03F9C0962A928B92001C28BD /* Project object */ = {
			isa = PBXProject;
			attributes = {
				BuildIndependentTargetsInParallel = 1;
				LastSwiftUpdateCheck = 1430;
				LastUpgradeCheck = 1500;
				TargetAttributes = {
					03F9C09D2A928B92001C28BD = {
						CreatedOnToolsVersion = 14.3.1;
					};
				};
			};
			buildConfigurationList = 03F9C0992A928B92001C28BD /* Build configuration list for PBXProject "RickAndMorty" */;
			compatibilityVersion = "Xcode 14.0";
			developmentRegion = en;
			hasScannedForEncodings = 0;
			knownRegions = (
				en,
				Base,
			);
			mainGroup = 03F9C0952A928B92001C28BD;
			packageReferences = (
				034CEC3D2AD329AC00EB2946 /* XCRemoteSwiftPackageReference "Kingfisher" */,
				03792C892B0CB6C7009A968B /* XCRemoteSwiftPackageReference "Moya" */,
				03792C922B0CB701009A968B /* XCRemoteSwiftPackageReference "SnapKit" */,
			);
			productRefGroup = 03F9C09F2A928B92001C28BD /* Products */;
			projectDirPath = "";
			projectRoot = "";
			targets = (
				03F9C09D2A928B92001C28BD /* RickAndMorty */,
			);
		};
/* End PBXProject section */

/* Begin PBXResourcesBuildPhase section */
		03F9C09C2A928B92001C28BD /* Resources */ = {
			isa = PBXResourcesBuildPhase;
			buildActionMask = 2147483647;
			files = (
				03F9C0CE2A938C31001C28BD /* Gilroy-Bold.ttf in Resources */,
				03F9C0CF2A938C34001C28BD /* Gilroy-Medium.ttf in Resources */,
				036D2C402B207D120029A8A8 /* DetailScreen.storyboard in Resources */,
				036D2C3E2B207CDD0029A8A8 /* MainScreen.storyboard in Resources */,
				03F9C0AE2A928B93001C28BD /* LaunchScreen.storyboard in Resources */,
				03F9C0D02A938C36001C28BD /* Gilroy-SemiBold.ttf in Resources */,
				036D2C4C2B20978D0029A8A8 /* ProfileCell.xib in Resources */,
				03F9C0AB2A928B93001C28BD /* Assets.xcassets in Resources */,
				036D2C462B2096B60029A8A8 /* CharacterCell.xib in Resources */,
			);
			runOnlyForDeploymentPostprocessing = 0;
		};
/* End PBXResourcesBuildPhase section */

/* Begin PBXShellScriptBuildPhase section */
		471DCEAFFBC95EC603592D55 /* [CP] Check Pods Manifest.lock */ = {
			isa = PBXShellScriptBuildPhase;
			buildActionMask = 2147483647;
			files = (
			);
			inputFileListPaths = (
			);
			inputPaths = (
				"${PODS_PODFILE_DIR_PATH}/Podfile.lock",
				"${PODS_ROOT}/Manifest.lock",
			);
			name = "[CP] Check Pods Manifest.lock";
			outputFileListPaths = (
			);
			outputPaths = (
				"$(DERIVED_FILE_DIR)/Pods-RickAndMorty-checkManifestLockResult.txt",
			);
			runOnlyForDeploymentPostprocessing = 0;
			shellPath = /bin/sh;
			shellScript = "diff \"${PODS_PODFILE_DIR_PATH}/Podfile.lock\" \"${PODS_ROOT}/Manifest.lock\" > /dev/null\nif [ $? != 0 ] ; then\n    # print error to STDERR\n    echo \"error: The sandbox is not in sync with the Podfile.lock. Run 'pod install' or update your CocoaPods installation.\" >&2\n    exit 1\nfi\n# This output is used by Xcode 'outputs' to avoid re-running this script phase.\necho \"SUCCESS\" > \"${SCRIPT_OUTPUT_FILE_0}\"\n";
			showEnvVarsInLog = 0;
		};
/* End PBXShellScriptBuildPhase section */

/* Begin PBXSourcesBuildPhase section */
		03F9C09A2A928B92001C28BD /* Sources */ = {
			isa = PBXSourcesBuildPhase;
			buildActionMask = 2147483647;
			files = (
				036D2C4B2B20978D0029A8A8 /* ProfileCell.swift in Sources */,
				0341E3822AFA44A400C80DA0 /* NetworkService.swift in Sources */,
				03F9C0BF2A92C389001C28BD /* Constants.swift in Sources */,
				037D16462A955CCA000F4AB8 /* String+Extension.swift in Sources */,
				03FEF00F2B12020100450F97 /* ProfileViewController.swift in Sources */,
				037D16362A94164C000F4AB8 /* CharactersModel.swift in Sources */,
				03F9C0A62A928B92001C28BD /* CharactersViewController.swift in Sources */,
				0307AB422B093F4900411F65 /* CharactersViewModel.swift in Sources */,
				03F9C0A22A928B92001C28BD /* AppDelegate.swift in Sources */,
				036D2C452B2096B60029A8A8 /* CharacterCell.swift in Sources */,
				0307AB442B093FB200411F65 /* ProfileViewModel.swift in Sources */,
				03F9C0A42A928B92001C28BD /* SceneDelegate.swift in Sources */,
				037D163A2A94190F000F4AB8 /* EpisodesModel.swift in Sources */,
			);
			runOnlyForDeploymentPostprocessing = 0;
		};
/* End PBXSourcesBuildPhase section */

/* Begin PBXVariantGroup section */
		03F9C0AC2A928B93001C28BD /* LaunchScreen.storyboard */ = {
			isa = PBXVariantGroup;
			children = (
				03F9C0AD2A928B93001C28BD /* Base */,
			);
			name = LaunchScreen.storyboard;
			sourceTree = "<group>";
		};
/* End PBXVariantGroup section */

/* Begin XCBuildConfiguration section */
		03F9C0B02A928B93001C28BD /* Debug */ = {
			isa = XCBuildConfiguration;
			buildSettings = {
				ALWAYS_SEARCH_USER_PATHS = NO;
				CLANG_ANALYZER_NONNULL = YES;
				CLANG_ANALYZER_NUMBER_OBJECT_CONVERSION = YES_AGGRESSIVE;
				CLANG_CXX_LANGUAGE_STANDARD = "gnu++20";
				CLANG_ENABLE_MODULES = YES;
				CLANG_ENABLE_OBJC_ARC = YES;
				CLANG_ENABLE_OBJC_WEAK = YES;
				CLANG_WARN_BLOCK_CAPTURE_AUTORELEASING = YES;
				CLANG_WARN_BOOL_CONVERSION = YES;
				CLANG_WARN_COMMA = YES;
				CLANG_WARN_CONSTANT_CONVERSION = YES;
				CLANG_WARN_DEPRECATED_OBJC_IMPLEMENTATIONS = YES;
				CLANG_WARN_DIRECT_OBJC_ISA_USAGE = YES_ERROR;
				CLANG_WARN_DOCUMENTATION_COMMENTS = YES;
				CLANG_WARN_EMPTY_BODY = YES;
				CLANG_WARN_ENUM_CONVERSION = YES;
				CLANG_WARN_INFINITE_RECURSION = YES;
				CLANG_WARN_INT_CONVERSION = YES;
				CLANG_WARN_NON_LITERAL_NULL_CONVERSION = YES;
				CLANG_WARN_OBJC_IMPLICIT_RETAIN_SELF = YES;
				CLANG_WARN_OBJC_LITERAL_CONVERSION = YES;
				CLANG_WARN_OBJC_ROOT_CLASS = YES_ERROR;
				CLANG_WARN_QUOTED_INCLUDE_IN_FRAMEWORK_HEADER = YES;
				CLANG_WARN_RANGE_LOOP_ANALYSIS = YES;
				CLANG_WARN_STRICT_PROTOTYPES = YES;
				CLANG_WARN_SUSPICIOUS_MOVE = YES;
				CLANG_WARN_UNGUARDED_AVAILABILITY = YES_AGGRESSIVE;
				CLANG_WARN_UNREACHABLE_CODE = YES;
				CLANG_WARN__DUPLICATE_METHOD_MATCH = YES;
				COPY_PHASE_STRIP = NO;
				DEBUG_INFORMATION_FORMAT = dwarf;
				ENABLE_STRICT_OBJC_MSGSEND = YES;
				ENABLE_TESTABILITY = YES;
				ENABLE_USER_SCRIPT_SANDBOXING = YES;
				GCC_C_LANGUAGE_STANDARD = gnu11;
				GCC_DYNAMIC_NO_PIC = NO;
				GCC_NO_COMMON_BLOCKS = YES;
				GCC_OPTIMIZATION_LEVEL = 0;
				GCC_PREPROCESSOR_DEFINITIONS = (
					"DEBUG=1",
					"$(inherited)",
				);
				GCC_WARN_64_TO_32_BIT_CONVERSION = YES;
				GCC_WARN_ABOUT_RETURN_TYPE = YES_ERROR;
				GCC_WARN_UNDECLARED_SELECTOR = YES;
				GCC_WARN_UNINITIALIZED_AUTOS = YES_AGGRESSIVE;
				GCC_WARN_UNUSED_FUNCTION = YES;
				GCC_WARN_UNUSED_VARIABLE = YES;
				IPHONEOS_DEPLOYMENT_TARGET = 16.4;
				MTL_ENABLE_DEBUG_INFO = INCLUDE_SOURCE;
				MTL_FAST_MATH = YES;
				ONLY_ACTIVE_ARCH = YES;
				SDKROOT = iphoneos;
				SWIFT_ACTIVE_COMPILATION_CONDITIONS = DEBUG;
				SWIFT_OPTIMIZATION_LEVEL = "-Onone";
			};
			name = Debug;
		};
		03F9C0B12A928B93001C28BD /* Release */ = {
			isa = XCBuildConfiguration;
			buildSettings = {
				ALWAYS_SEARCH_USER_PATHS = NO;
				CLANG_ANALYZER_NONNULL = YES;
				CLANG_ANALYZER_NUMBER_OBJECT_CONVERSION = YES_AGGRESSIVE;
				CLANG_CXX_LANGUAGE_STANDARD = "gnu++20";
				CLANG_ENABLE_MODULES = YES;
				CLANG_ENABLE_OBJC_ARC = YES;
				CLANG_ENABLE_OBJC_WEAK = YES;
				CLANG_WARN_BLOCK_CAPTURE_AUTORELEASING = YES;
				CLANG_WARN_BOOL_CONVERSION = YES;
				CLANG_WARN_COMMA = YES;
				CLANG_WARN_CONSTANT_CONVERSION = YES;
				CLANG_WARN_DEPRECATED_OBJC_IMPLEMENTATIONS = YES;
				CLANG_WARN_DIRECT_OBJC_ISA_USAGE = YES_ERROR;
				CLANG_WARN_DOCUMENTATION_COMMENTS = YES;
				CLANG_WARN_EMPTY_BODY = YES;
				CLANG_WARN_ENUM_CONVERSION = YES;
				CLANG_WARN_INFINITE_RECURSION = YES;
				CLANG_WARN_INT_CONVERSION = YES;
				CLANG_WARN_NON_LITERAL_NULL_CONVERSION = YES;
				CLANG_WARN_OBJC_IMPLICIT_RETAIN_SELF = YES;
				CLANG_WARN_OBJC_LITERAL_CONVERSION = YES;
				CLANG_WARN_OBJC_ROOT_CLASS = YES_ERROR;
				CLANG_WARN_QUOTED_INCLUDE_IN_FRAMEWORK_HEADER = YES;
				CLANG_WARN_RANGE_LOOP_ANALYSIS = YES;
				CLANG_WARN_STRICT_PROTOTYPES = YES;
				CLANG_WARN_SUSPICIOUS_MOVE = YES;
				CLANG_WARN_UNGUARDED_AVAILABILITY = YES_AGGRESSIVE;
				CLANG_WARN_UNREACHABLE_CODE = YES;
				CLANG_WARN__DUPLICATE_METHOD_MATCH = YES;
				COPY_PHASE_STRIP = NO;
				DEBUG_INFORMATION_FORMAT = "dwarf-with-dsym";
				ENABLE_NS_ASSERTIONS = NO;
				ENABLE_STRICT_OBJC_MSGSEND = YES;
				ENABLE_USER_SCRIPT_SANDBOXING = YES;
				GCC_C_LANGUAGE_STANDARD = gnu11;
				GCC_NO_COMMON_BLOCKS = YES;
				GCC_WARN_64_TO_32_BIT_CONVERSION = YES;
				GCC_WARN_ABOUT_RETURN_TYPE = YES_ERROR;
				GCC_WARN_UNDECLARED_SELECTOR = YES;
				GCC_WARN_UNINITIALIZED_AUTOS = YES_AGGRESSIVE;
				GCC_WARN_UNUSED_FUNCTION = YES;
				GCC_WARN_UNUSED_VARIABLE = YES;
				IPHONEOS_DEPLOYMENT_TARGET = 16.4;
				MTL_ENABLE_DEBUG_INFO = NO;
				MTL_FAST_MATH = YES;
				SDKROOT = iphoneos;
				SWIFT_COMPILATION_MODE = wholemodule;
				SWIFT_OPTIMIZATION_LEVEL = "-O";
				VALIDATE_PRODUCT = YES;
			};
			name = Release;
		};
		03F9C0B32A928B93001C28BD /* Debug */ = {
			isa = XCBuildConfiguration;
			baseConfigurationReference = 2BC96CDD11711ABAFEBBEE2B /* Pods-RickAndMorty.debug.xcconfig */;
			buildSettings = {
				ASSETCATALOG_COMPILER_APPICON_NAME = AppIcon;
				ASSETCATALOG_COMPILER_GLOBAL_ACCENT_COLOR_NAME = AccentColor;
				CODE_SIGN_STYLE = Automatic;
				CURRENT_PROJECT_VERSION = 1;
				DEVELOPMENT_TEAM = 5G3L9PJKC3;
				GENERATE_INFOPLIST_FILE = YES;
				INFOPLIST_FILE = RickAndMorty/Info.plist;
				INFOPLIST_KEY_UIApplicationSupportsIndirectInputEvents = YES;
				INFOPLIST_KEY_UILaunchStoryboardName = LaunchScreen.storyboard;
				INFOPLIST_KEY_UIMainStoryboardFile = MainScreen;
				INFOPLIST_KEY_UISupportedInterfaceOrientations_iPad = "UIInterfaceOrientationPortrait UIInterfaceOrientationPortraitUpsideDown UIInterfaceOrientationLandscapeLeft UIInterfaceOrientationLandscapeRight";
				INFOPLIST_KEY_UISupportedInterfaceOrientations_iPhone = "UIInterfaceOrientationPortrait UIInterfaceOrientationLandscapeLeft UIInterfaceOrientationLandscapeRight";
				LD_RUNPATH_SEARCH_PATHS = (
					"$(inherited)",
					"@executable_path/Frameworks",
				);
				MARKETING_VERSION = 1.0;
				PRODUCT_BUNDLE_IDENTIFIER = sashabravos.RickAndMorty;
				PRODUCT_NAME = "$(TARGET_NAME)";
				SWIFT_EMIT_LOC_STRINGS = YES;
				SWIFT_VERSION = 5.0;
				TARGETED_DEVICE_FAMILY = "1,2";
			};
			name = Debug;
		};
		03F9C0B42A928B93001C28BD /* Release */ = {
			isa = XCBuildConfiguration;
			baseConfigurationReference = 9938460BED29EB95B0117BC6 /* Pods-RickAndMorty.release.xcconfig */;
			buildSettings = {
				ASSETCATALOG_COMPILER_APPICON_NAME = AppIcon;
				ASSETCATALOG_COMPILER_GLOBAL_ACCENT_COLOR_NAME = AccentColor;
				CODE_SIGN_STYLE = Automatic;
				CURRENT_PROJECT_VERSION = 1;
				DEVELOPMENT_TEAM = 5G3L9PJKC3;
				GENERATE_INFOPLIST_FILE = YES;
				INFOPLIST_FILE = RickAndMorty/Info.plist;
				INFOPLIST_KEY_UIApplicationSupportsIndirectInputEvents = YES;
				INFOPLIST_KEY_UILaunchStoryboardName = LaunchScreen.storyboard;
				INFOPLIST_KEY_UIMainStoryboardFile = MainScreen;
				INFOPLIST_KEY_UISupportedInterfaceOrientations_iPad = "UIInterfaceOrientationPortrait UIInterfaceOrientationPortraitUpsideDown UIInterfaceOrientationLandscapeLeft UIInterfaceOrientationLandscapeRight";
				INFOPLIST_KEY_UISupportedInterfaceOrientations_iPhone = "UIInterfaceOrientationPortrait UIInterfaceOrientationLandscapeLeft UIInterfaceOrientationLandscapeRight";
				LD_RUNPATH_SEARCH_PATHS = (
					"$(inherited)",
					"@executable_path/Frameworks",
				);
				MARKETING_VERSION = 1.0;
				PRODUCT_BUNDLE_IDENTIFIER = sashabravos.RickAndMorty;
				PRODUCT_NAME = "$(TARGET_NAME)";
				SWIFT_EMIT_LOC_STRINGS = YES;
				SWIFT_VERSION = 5.0;
				TARGETED_DEVICE_FAMILY = "1,2";
			};
			name = Release;
		};
/* End XCBuildConfiguration section */

/* Begin XCConfigurationList section */
		03F9C0992A928B92001C28BD /* Build configuration list for PBXProject "RickAndMorty" */ = {
			isa = XCConfigurationList;
			buildConfigurations = (
				03F9C0B02A928B93001C28BD /* Debug */,
				03F9C0B12A928B93001C28BD /* Release */,
			);
			defaultConfigurationIsVisible = 0;
			defaultConfigurationName = Release;
		};
		03F9C0B22A928B93001C28BD /* Build configuration list for PBXNativeTarget "RickAndMorty" */ = {
			isa = XCConfigurationList;
			buildConfigurations = (
				03F9C0B32A928B93001C28BD /* Debug */,
				03F9C0B42A928B93001C28BD /* Release */,
			);
			defaultConfigurationIsVisible = 0;
			defaultConfigurationName = Release;
		};
/* End XCConfigurationList section */

/* Begin XCRemoteSwiftPackageReference section */
		034CEC3D2AD329AC00EB2946 /* XCRemoteSwiftPackageReference "Kingfisher" */ = {
			isa = XCRemoteSwiftPackageReference;
			repositoryURL = "https://github.com/onevcat/Kingfisher.git";
			requirement = {
				kind = upToNextMajorVersion;
				minimumVersion = 7.9.1;
			};
		};
		03792C892B0CB6C7009A968B /* XCRemoteSwiftPackageReference "Moya" */ = {
			isa = XCRemoteSwiftPackageReference;
			repositoryURL = "https://github.com/Moya/Moya.git";
			requirement = {
				kind = upToNextMajorVersion;
				minimumVersion = 15.0.3;
			};
		};
		03792C922B0CB701009A968B /* XCRemoteSwiftPackageReference "SnapKit" */ = {
			isa = XCRemoteSwiftPackageReference;
			repositoryURL = "https://github.com/SnapKit/SnapKit.git";
			requirement = {
				kind = upToNextMajorVersion;
				minimumVersion = 5.6.0;
			};
		};
/* End XCRemoteSwiftPackageReference section */

/* Begin XCSwiftPackageProductDependency section */
		034CEC3E2AD329AC00EB2946 /* Kingfisher */ = {
			isa = XCSwiftPackageProductDependency;
			package = 034CEC3D2AD329AC00EB2946 /* XCRemoteSwiftPackageReference "Kingfisher" */;
			productName = Kingfisher;
		};
		03792C8A2B0CB6C7009A968B /* CombineMoya */ = {
			isa = XCSwiftPackageProductDependency;
			package = 03792C892B0CB6C7009A968B /* XCRemoteSwiftPackageReference "Moya" */;
			productName = CombineMoya;
		};
		03792C8C2B0CB6C7009A968B /* Moya */ = {
			isa = XCSwiftPackageProductDependency;
			package = 03792C892B0CB6C7009A968B /* XCRemoteSwiftPackageReference "Moya" */;
			productName = Moya;
		};
		03792C8E2B0CB6C7009A968B /* ReactiveMoya */ = {
			isa = XCSwiftPackageProductDependency;
			package = 03792C892B0CB6C7009A968B /* XCRemoteSwiftPackageReference "Moya" */;
			productName = ReactiveMoya;
		};
		03792C902B0CB6C7009A968B /* RxMoya */ = {
			isa = XCSwiftPackageProductDependency;
			package = 03792C892B0CB6C7009A968B /* XCRemoteSwiftPackageReference "Moya" */;
			productName = RxMoya;
		};
		03792C932B0CB701009A968B /* SnapKit */ = {
			isa = XCSwiftPackageProductDependency;
			package = 03792C922B0CB701009A968B /* XCRemoteSwiftPackageReference "SnapKit" */;
			productName = SnapKit;
		};
		03792C952B0CB701009A968B /* SnapKit-Dynamic */ = {
			isa = XCSwiftPackageProductDependency;
			package = 03792C922B0CB701009A968B /* XCRemoteSwiftPackageReference "SnapKit" */;
			productName = "SnapKit-Dynamic";
		};
/* End XCSwiftPackageProductDependency section */
	};
	rootObject = 03F9C0962A928B92001C28BD /* Project object */;
}
